
Microsoft Visual Studio Solution File, Format Version 12.00
# Visual Studio Version 16
VisualStudioVersion = 16.0.31702.278
MinimumVisualStudioVersion = 10.0.40219.1
Project("{FAE04EC0-301F-11D3-BF4B-00C04F79EFBC}") = "Francois_Cornelius_QuizPRG282", "Francois_Cornelius_QuizPRG282\Francois_Cornelius_QuizPRG282.csproj", "{FD57DCAD-71E2-4AE3-B859-D4381DC47451}"
EndProject
Global
	GlobalSection(SolutionConfigurationPlatforms) = preSolution
		Debug|Any CPU = Debug|Any CPU
		Release|Any CPU = Release|Any CPU
	EndGlobalSection
	GlobalSection(ProjectConfigurationPlatforms) = postSolution
		{FD57DCAD-71E2-4AE3-B859-D4381DC47451}.Debug|Any CPU.ActiveCfg = Debug|Any CPU
		{FD57DCAD-71E2-4AE3-B859-D4381DC47451}.Debug|Any CPU.Build.0 = Debug|Any CPU
		{FD57DCAD-71E2-4AE3-B859-D4381DC47451}.Release|Any CPU.ActiveCfg = Release|Any CPU
		{FD57DCAD-71E2-4AE3-B859-D4381DC47451}.Release|Any CPU.Build.0 = Release|Any CPU
	EndGlobalSection
	GlobalSection(SolutionProperties) = preSolution
		HideSolutionNode = FALSE
	EndGlobalSection
	GlobalSection(ExtensibilityGlobals) = postSolution
		SolutionGuid = {B5799660-E5AE-4E13-AF2D-1D21A89CD6C8}
	EndGlobalSection
EndGlobal
